
Microsoft Visual Studio Solution File, Format Version 12.00
# Visual Studio Version 17
VisualStudioVersion = 17.2.32526.322
MinimumVisualStudioVersion = 10.0.40219.1
Project("{FAE04EC0-301F-11D3-BF4B-00C04F79EFBC}") = "4Praktinis", "4Praktinis\4Praktinis.csproj", "{92B303D0-8D2F-42B5-8ED2-5EAD9706404A}"
EndProject
Global
	GlobalSection(SolutionConfigurationPlatforms) = preSolution
		Debug|Any CPU = Debug|Any CPU
		Release|Any CPU = Release|Any CPU
	EndGlobalSection
	GlobalSection(ProjectConfigurationPlatforms) = postSolution
		{92B303D0-8D2F-42B5-8ED2-5EAD9706404A}.Debug|Any CPU.ActiveCfg = Debug|Any CPU
		{92B303D0-8D2F-42B5-8ED2-5EAD9706404A}.Debug|Any CPU.Build.0 = Debug|Any CPU
		{92B303D0-8D2F-42B5-8ED2-5EAD9706404A}.Release|Any CPU.ActiveCfg = Release|Any CPU
		{92B303D0-8D2F-42B5-8ED2-5EAD9706404A}.Release|Any CPU.Build.0 = Release|Any CPU
	EndGlobalSection
	GlobalSection(SolutionProperties) = preSolution
		HideSolutionNode = FALSE
	EndGlobalSection
	GlobalSection(ExtensibilityGlobals) = postSolution
		SolutionGuid = {6319454A-0143-4E8F-B0C3-64E4589999F0}
	EndGlobalSection
EndGlobal
